// !$*UTF8*$!
{
	archiveVersion = 1;
	classes = {
	};
	objectVersion = 46;
	objects = {

/* Begin PBXBuildFile section */
		809ABB681B50062800F16AFE /* main.m in Sources */ = {isa = PBXBuildFile; fileRef = 809ABB671B50062800F16AFE /* main.m */; };
		809ABB6B1B50062800F16AFE /* AppDelegate.m in Sources */ = {isa = PBXBuildFile; fileRef = 809ABB6A1B50062800F16AFE /* AppDelegate.m */; };
		809ABB6E1B50062800F16AFE /* ViewController.m in Sources */ = {isa = PBXBuildFile; fileRef = 809ABB6D1B50062800F16AFE /* ViewController.m */; };
		809ABB711B50062800F16AFE /* Main.storyboard in Resources */ = {isa = PBXBuildFile; fileRef = 809ABB6F1B50062800F16AFE /* Main.storyboard */; };
		809ABB731B50062800F16AFE /* Images.xcassets in Resources */ = {isa = PBXBuildFile; fileRef = 809ABB721B50062800F16AFE /* Images.xcassets */; };
		809ABB761B50062800F16AFE /* LaunchScreen.xib in Resources */ = {isa = PBXBuildFile; fileRef = 809ABB741B50062800F16AFE /* LaunchScreen.xib */; };
		809ABB821B50062800F16AFE /* SimpleTableViewTests.m in Sources */ = {isa = PBXBuildFile; fileRef = 809ABB811B50062800F16AFE /* SimpleTableViewTests.m */; };
/* End PBXBuildFile section */

/* Begin PBXContainerItemProxy section */
		809ABB7C1B50062800F16AFE /* PBXContainerItemProxy */ = {
			isa = PBXContainerItemProxy;
			containerPortal = 809ABB5A1B50062800F16AFE /* Project object */;
			proxyType = 1;
			remoteGlobalIDString = 809ABB611B50062800F16AFE;
			remoteInfo = SimpleTableView;
		};
/* End PBXContainerItemProxy section */

/* Begin PBXFileReference section */
		809ABB621B50062800F16AFE /* SimpleTableView.app */ = {isa = PBXFileReference; explicitFileType = wrapper.application; includeInIndex = 0; path = SimpleTableView.app; sourceTree = BUILT_PRODUCTS_DIR; };
		809ABB661B50062800F16AFE /* Info.plist */ = {isa = PBXFileReference; lastKnownFileType = text.plist.xml; path = Info.plist; sourceTree = "<group>"; };
		809ABB671B50062800F16AFE /* main.m */ = {isa = PBXFileReference; lastKnownFileType = sourcecode.c.objc; path = main.m; sourceTree = "<group>"; };
		809ABB691B50062800F16AFE /* AppDelegate.h */ = {isa = PBXFileReference; lastKnownFileType = sourcecode.c.h; path = AppDelegate.h; sourceTree = "<group>"; };
		809ABB6A1B50062800F16AFE /* AppDelegate.m */ = {isa = PBXFileReference; lastKnownFileType = sourcecode.c.objc; path = AppDelegate.m; sourceTree = "<group>"; };
		809ABB6C1B50062800F16AFE /* ViewController.h */ = {isa = PBXFileReference; lastKnownFileType = sourcecode.c.h; path = ViewController.h; sourceTree = "<group>"; };
		809ABB6D1B50062800F16AFE /* ViewController.m */ = {isa = PBXFileReference; lastKnownFileType = sourcecode.c.objc; path = ViewController.m; sourceTree = "<group>"; };
		809ABB701B50062800F16AFE /* Base */ = {isa = PBXFileReference; lastKnownFileType = file.storyboard; name = Base; path = Base.lproj/Main.storyboard; sourceTree = "<group>"; };
		809ABB721B50062800F16AFE /* Images.xcassets */ = {isa = PBXFileReference; lastKnownFileType = folder.assetcatalog; path = Images.xcassets; sourceTree = "<group>"; };
		809ABB751B50062800F16AFE /* Base */ = {isa = PBXFileReference; lastKnownFileType = file.xib; name = Base; path = Base.lproj/LaunchScreen.xib; sourceTree = "<group>"; };
		809ABB7B1B50062800F16AFE /* SimpleTableViewTests.xctest */ = {isa = PBXFileReference; explicitFileType = wrapper.cfbundle; includeInIndex = 0; path = SimpleTableViewTests.xctest; sourceTree = BUILT_PRODUCTS_DIR; };
		809ABB801B50062800F16AFE /* Info.plist */ = {isa = PBXFileReference; lastKnownFileType = text.plist.xml; path = Info.plist; sourceTree = "<group>"; };
		809ABB811B50062800F16AFE /* SimpleTableViewTests.m */ = {isa = PBXFileReference; lastKnownFileType = sourcecode.c.objc; path = SimpleTableViewTests.m; sourceTree = "<group>"; };
/* End PBXFileReference section */

/* Begin PBXFrameworksBuildPhase section */
		809ABB5F1B50062800F16AFE /* Frameworks */ = {
			isa = PBXFrameworksBuildPhase;
			buildActionMask = 2147483647;
			files = (
			);
			runOnlyForDeploymentPostprocessing = 0;
		};
		809ABB781B50062800F16AFE /* Frameworks */ = {
			isa = PBXFrameworksBuildPhase;
			buildActionMask = 2147483647;
			files = (
			);
			runOnlyForDeploymentPostprocessing = 0;
		};
/* End PBXFrameworksBuildPhase section */

/* Begin PBXGroup section */
		809ABB591B50062800F16AFE = {
			isa = PBXGroup;
			children = (
				809ABB641B50062800F16AFE /* SimpleTableView */,
				809ABB7E1B50062800F16AFE /* SimpleTableViewTests */,
				809ABB631B50062800F16AFE /* Products */,
			);
			sourceTree = "<group>";
		};
		809ABB631B50062800F16AFE /* Products */ = {
			isa = PBXGroup;
			children = (
				809ABB621B50062800F16AFE /* SimpleTableView.app */,
				809ABB7B1B50062800F16AFE /* SimpleTableViewTests.xctest */,
			);
			name = Products;
			sourceTree = "<group>";
		};
		809ABB641B50062800F16AFE /* SimpleTableView */ = {
			isa = PBXGroup;
			children = (
				809ABB691B50062800F16AFE /* AppDelegate.h */,
				809ABB6A1B50062800F16AFE /* AppDelegate.m */,
				809ABB6C1B50062800F16AFE /* ViewController.h */,
				809ABB6D1B50062800F16AFE /* ViewController.m */,
				809ABB6F1B50062800F16AFE /* Main.storyboard */,
				809ABB721B50062800F16AFE /* Images.xcassets */,
				809ABB741B50062800F16AFE /* LaunchScreen.xib */,
				809ABB651B50062800F16AFE /* Supporting Files */,
			);
			path = SimpleTableView;
			sourceTree = "<group>";
		};
		809ABB651B50062800F16AFE /* Supporting Files */ = {
			isa = PBXGroup;
			children = (
				809ABB661B50062800F16AFE /* Info.plist */,
				809ABB671B50062800F16AFE /* main.m */,
			);
			name = "Supporting Files";
			sourceTree = "<group>";
		};
		809ABB7E1B50062800F16AFE /* SimpleTableViewTests */ = {
			isa = PBXGroup;
			children = (
				809ABB811B50062800F16AFE /* SimpleTableViewTests.m */,
				809ABB7F1B50062800F16AFE /* Supporting Files */,
			);
			path = SimpleTableViewTests;
			sourceTree = "<group>";
		};
		809ABB7F1B50062800F16AFE /* Supporting Files */ = {
			isa = PBXGroup;
			children = (
				809ABB801B50062800F16AFE /* Info.plist */,
			);
			name = "Supporting Files";
			sourceTree = "<group>";
		};
/* End PBXGroup section */

/* Begin PBXNativeTarget section */
		809ABB611B50062800F16AFE /* SimpleTableView */ = {
			isa = PBXNativeTarget;
			buildConfigurationList = 809ABB851B50062800F16AFE /* Build configuration list for PBXNativeTarget "SimpleTableView" */;
			buildPhases = (
				809ABB5E1B50062800F16AFE /* Sources */,
				809ABB5F1B50062800F16AFE /* Frameworks */,
				809ABB601B50062800F16AFE /* Resources */,
			);
			buildRules = (
			);
			dependencies = (
			);
			name = SimpleTableView;
			productName = SimpleTableView;
			productReference = 809ABB621B50062800F16AFE /* SimpleTableView.app */;
			productType = "com.apple.product-type.application";
		};
		809ABB7A1B50062800F16AFE /* SimpleTableViewTests */ = {
			isa = PBXNativeTarget;
			buildConfigurationList = 809ABB881B50062800F16AFE /* Build configuration list for PBXNativeTarget "SimpleTableViewTests" */;
			buildPhases = (
				809ABB771B50062800F16AFE /* Sources */,
				809ABB781B50062800F16AFE /* Frameworks */,
				809ABB791B50062800F16AFE /* Resources */,
			);
			buildRules = (
			);
			dependencies = (
				809ABB7D1B50062800F16AFE /* PBXTargetDependency */,
			);
			name = SimpleTableViewTests;
			productName = SimpleTableViewTests;
			productReference = 809ABB7B1B50062800F16AFE /* SimpleTableViewTests.xctest */;
			productType = "com.apple.product-type.bundle.unit-test";
		};
/* End PBXNativeTarget section */

/* Begin PBXProject section */
		809ABB5A1B50062800F16AFE /* Project object */ = {
			isa = PBXProject;
			attributes = {
				LastUpgradeCheck = 0630;
				ORGANIZATIONNAME = noprom;
				TargetAttributes = {
					809ABB611B50062800F16AFE = {
						CreatedOnToolsVersion = 6.3.2;
					};
					809ABB7A1B50062800F16AFE = {
						CreatedOnToolsVersion = 6.3.2;
						TestTargetID = 809ABB611B50062800F16AFE;
					};
				};
			};
			buildConfigurationList = 809ABB5D1B50062800F16AFE /* Build configuration list for PBXProject "SimpleTableView" */;
			compatibilityVersion = "Xcode 3.2";
			developmentRegion = English;
			hasScannedForEncodings = 0;
			knownRegions = (
				en,
				Base,
			);
			mainGroup = 809ABB591B50062800F16AFE;
			productRefGroup = 809ABB631B50062800F16AFE /* Products */;
			projectDirPath = "";
			projectRoot = "";
			targets = (
				809ABB611B50062800F16AFE /* SimpleTableView */,
				809ABB7A1B50062800F16AFE /* SimpleTableViewTests */,
			);
		};
/* End PBXProject section */

/* Begin PBXResourcesBuildPhase section */
		809ABB601B50062800F16AFE /* Resources */ = {
			isa = PBXResourcesBuildPhase;
			buildActionMask = 2147483647;
			files = (
				809ABB711B50062800F16AFE /* Main.storyboard in Resources */,
				809ABB761B50062800F16AFE /* LaunchScreen.xib in Resources */,
				809ABB731B50062800F16AFE /* Images.xcassets in Resources */,
			);
			runOnlyForDeploymentPostprocessing = 0;
		};
		809ABB791B50062800F16AFE /* Resources */ = {
			isa = PBXResourcesBuildPhase;
			buildActionMask = 2147483647;
			files = (
			);
			runOnlyForDeploymentPostprocessing = 0;
		};
/* End PBXResourcesBuildPhase section */

/* Begin PBXSourcesBuildPhase section */
		809ABB5E1B50062800F16AFE /* Sources */ = {
			isa = PBXSourcesBuildPhase;
			buildActionMask = 2147483647;
			files = (
				809ABB6E1B50062800F16AFE /* ViewController.m in Sources */,
				809ABB6B1B50062800F16AFE /* AppDelegate.m in Sources */,
				809ABB681B50062800F16AFE /* main.m in Sources */,
			);
			runOnlyForDeploymentPostprocessing = 0;
		};
		809ABB771B50062800F16AFE /* Sources */ = {
			isa = PBXSourcesBuildPhase;
			buildActionMask = 2147483647;
			files = (
				809ABB821B50062800F16AFE /* SimpleTableViewTests.m in Sources */,
			);
			runOnlyForDeploymentPostprocessing = 0;
		};
/* End PBXSourcesBuildPhase section */

/* Begin PBXTargetDependency section */
		809ABB7D1B50062800F16AFE /* PBXTargetDependency */ = {
			isa = PBXTargetDependency;
			target = 809ABB611B50062800F16AFE /* SimpleTableView */;
			targetProxy = 809ABB7C1B50062800F16AFE /* PBXContainerItemProxy */;
		};
/* End PBXTargetDependency section */

/* Begin PBXVariantGroup section */
		809ABB6F1B50062800F16AFE /* Main.storyboard */ = {
			isa = PBXVariantGroup;
			children = (
				809ABB701B50062800F16AFE /* Base */,
			);
			name = Main.storyboard;
			sourceTree = "<group>";
		};
		809ABB741B50062800F16AFE /* LaunchScreen.xib */ = {
			isa = PBXVariantGroup;
			children = (
				809ABB751B50062800F16AFE /* Base */,
			);
			name = LaunchScreen.xib;
			sourceTree = "<group>";
		};
/* End PBXVariantGroup section */

/* Begin XCBuildConfiguration section */
		809ABB831B50062800F16AFE /* Debug */ = {
			isa = XCBuildConfiguration;
			buildSettings = {
				ALWAYS_SEARCH_USER_PATHS = NO;
				CLANG_CXX_LANGUAGE_STANDARD = "gnu++0x";
				CLANG_CXX_LIBRARY = "libc++";
				CLANG_ENABLE_MODULES = YES;
				CLANG_ENABLE_OBJC_ARC = YES;
				CLANG_WARN_BOOL_CONVERSION = YES;
				CLANG_WARN_CONSTANT_CONVERSION = YES;
				CLANG_WARN_DIRECT_OBJC_ISA_USAGE = YES_ERROR;
				CLANG_WARN_EMPTY_BODY = YES;
				CLANG_WARN_ENUM_CONVERSION = YES;
				CLANG_WARN_INT_CONVERSION = YES;
				CLANG_WARN_OBJC_ROOT_CLASS = YES_ERROR;
				CLANG_WARN_UNREACHABLE_CODE = YES;
				CLANG_WARN__DUPLICATE_METHOD_MATCH = YES;
				"CODE_SIGN_IDENTITY[sdk=iphoneos*]" = "iPhone Developer";
				COPY_PHASE_STRIP = NO;
				DEBUG_INFORMATION_FORMAT = "dwarf-with-dsym";
				ENABLE_STRICT_OBJC_MSGSEND = YES;
				GCC_C_LANGUAGE_STANDARD = gnu99;
				GCC_DYNAMIC_NO_PIC = NO;
				GCC_NO_COMMON_BLOCKS = YES;
				GCC_OPTIMIZATION_LEVEL = 0;
				GCC_PREPROCESSOR_DEFINITIONS = (
					"DEBUG=1",
					"$(inherited)",
				);
				GCC_SYMBOLS_PRIVATE_EXTERN = NO;
				GCC_WARN_64_TO_32_BIT_CONVERSION = YES;
				GCC_WARN_ABOUT_RETURN_TYPE = YES_ERROR;
				GCC_WARN_UNDECLARED_SELECTOR = YES;
				GCC_WARN_UNINITIALIZED_AUTOS = YES_AGGRESSIVE;
				GCC_WARN_UNUSED_FUNCTION = YES;
				GCC_WARN_UNUSED_VARIABLE = YES;
				IPHONEOS_DEPLOYMENT_TARGET = 8.3;
				MTL_ENABLE_DEBUG_INFO = YES;
				ONLY_ACTIVE_ARCH = YES;
				SDKROOT = iphoneos;
			};
			name = Debug;
		};
		809ABB841B50062800F16AFE /* Release */ = {
			isa = XCBuildConfiguration;
			buildSettings = {
				ALWAYS_SEARCH_USER_PATHS = NO;
				CLANG_CXX_LANGUAGE_STANDARD = "gnu++0x";
				CLANG_CXX_LIBRARY = "libc++";
				CLANG_ENABLE_MODULES = YES;
				CLANG_ENABLE_OBJC_ARC = YES;
				CLANG_WARN_BOOL_CONVERSION = YES;
				CLANG_WARN_CONSTANT_CONVERSION = YES;
				CLANG_WARN_DIRECT_OBJC_ISA_USAGE = YES_ERROR;
				CLANG_WARN_EMPTY_BODY = YES;
				CLANG_WARN_ENUM_CONVERSION = YES;
				CLANG_WARN_INT_CONVERSION = YES;
				CLANG_WARN_OBJC_ROOT_CLASS = YES_ERROR;
				CLANG_WARN_UNREACHABLE_CODE = YES;
				CLANG_WARN__DUPLICATE_METHOD_MATCH = YES;
				"CODE_SIGN_IDENTITY[sdk=iphoneos*]" = "iPhone Developer";
				COPY_PHASE_STRIP = NO;
				DEBUG_INFORMATION_FORMAT = "dwarf-with-dsym";
				ENABLE_NS_ASSERTIONS = NO;
				ENABLE_STRICT_OBJC_MSGSEND = YES;
				GCC_C_LANGUAGE_STANDARD = gnu99;
				GCC_NO_COMMON_BLOCKS = YES;
				GCC_WARN_64_TO_32_BIT_CONVERSION = YES;
				GCC_WARN_ABOUT_RETURN_TYPE = YES_ERROR;
				GCC_WARN_UNDECLARED_SELECTOR = YES;
				GCC_WARN_UNINITIALIZED_AUTOS = YES_AGGRESSIVE;
				GCC_WARN_UNUSED_FUNCTION = YES;
				GCC_WARN_UNUSED_VARIABLE = YES;
				IPHONEOS_DEPLOYMENT_TARGET = 8.3;
				MTL_ENABLE_DEBUG_INFO = NO;
				SDKROOT = iphoneos;
				VALIDATE_PRODUCT = YES;
			};
			name = Release;
		};
		809ABB861B50062800F16AFE /* Debug */ = {
			isa = XCBuildConfiguration;
			buildSettings = {
				ASSETCATALOG_COMPILER_APPICON_NAME = AppIcon;
				INFOPLIST_FILE = SimpleTableView/Info.plist;
				LD_RUNPATH_SEARCH_PATHS = "$(inherited) @executable_path/Frameworks";
				PRODUCT_NAME = "$(TARGET_NAME)";
			};
			name = Debug;
		};
		809ABB871B50062800F16AFE /* Release */ = {
			isa = XCBuildConfiguration;
			buildSettings = {
				ASSETCATALOG_COMPILER_APPICON_NAME = AppIcon;
				INFOPLIST_FILE = SimpleTableView/Info.plist;
				LD_RUNPATH_SEARCH_PATHS = "$(inherited) @executable_path/Frameworks";
				PRODUCT_NAME = "$(TARGET_NAME)";
			};
			name = Release;
		};
		809ABB891B50062800F16AFE /* Debug */ = {
			isa = XCBuildConfiguration;
			buildSettings = {
				BUNDLE_LOADER = "$(TEST_HOST)";
				FRAMEWORK_SEARCH_PATHS = (
					"$(SDKROOT)/Developer/Library/Frameworks",
					"$(inherited)",
				);
				GCC_PREPROCESSOR_DEFINITIONS = (
					"DEBUG=1",
					"$(inherited)",
				);
				INFOPLIST_FILE = SimpleTableViewTests/Info.plist;
				LD_RUNPATH_SEARCH_PATHS = "$(inherited) @executable_path/Frameworks @loader_path/Frameworks";
				PRODUCT_NAME = "$(TARGET_NAME)";
				TEST_HOST = "$(BUILT_PRODUCTS_DIR)/SimpleTableView.app/SimpleTableView";
			};
			name = Debug;
		};
		809ABB8A1B50062800F16AFE /* Release */ = {
			isa = XCBuildConfiguration;
			buildSettings = {
				BUNDLE_LOADER = "$(TEST_HOST)";
				FRAMEWORK_SEARCH_PATHS = (
					"$(SDKROOT)/Developer/Library/Frameworks",
					"$(inherited)",
				);
				INFOPLIST_FILE = SimpleTableViewTests/Info.plist;
				LD_RUNPATH_SEARCH_PATHS = "$(inherited) @executable_path/Frameworks @loader_path/Frameworks";
				PRODUCT_NAME = "$(TARGET_NAME)";
				TEST_HOST = "$(BUILT_PRODUCTS_DIR)/SimpleTableView.app/SimpleTableView";
			};
			name = Release;
		};
/* End XCBuildConfiguration section */

/* Begin XCConfigurationList section */
		809ABB5D1B50062800F16AFE /* Build configuration list for PBXProject "SimpleTableView" */ = {
			isa = XCConfigurationList;
			buildConfigurations = (
				809ABB831B50062800F16AFE /* Debug */,
				809ABB841B50062800F16AFE /* Release */,
			);
			defaultConfigurationIsVisible = 0;
			defaultConfigurationName = Release;
		};
		809ABB851B50062800F16AFE /* Build configuration list for PBXNativeTarget "SimpleTableView" */ = {
			isa = XCConfigurationList;
			buildConfigurations = (
				809ABB861B50062800F16AFE /* Debug */,
				809ABB871B50062800F16AFE /* Release */,
			);
			defaultConfigurationIsVisible = 0;
		};
		809ABB881B50062800F16AFE /* Build configuration list for PBXNativeTarget "SimpleTableViewTests" */ = {
			isa = XCConfigurationList;
			buildConfigurations = (
				809ABB891B50062800F16AFE /* Debug */,
				809ABB8A1B50062800F16AFE /* Release */,
			);
			defaultConfigurationIsVisible = 0;
		};
/* End XCConfigurationList section */
	};
	rootObject = 809ABB5A1B50062800F16AFE /* Project object */;
}
